
Microsoft Visual Studio Solution File, Format Version 12.00
# Visual Studio Version 17
VisualStudioVersion = 17.4.33403.182
MinimumVisualStudioVersion = 10.0.40219.1
Project("{FAE04EC0-301F-11D3-BF4B-00C04F79EFBC}") = "JtddV_001", "JtddV_001.csproj", "{AAEA44CE-A917-4199-B734-07EFA94B520B}"
EndProject
Global
	GlobalSection(SolutionConfigurationPlatforms) = preSolution
		Debug|Any CPU = Debug|Any CPU
		Release|Any CPU = Release|Any CPU
	EndGlobalSection
	GlobalSection(ProjectConfigurationPlatforms) = postSolution
		{AAEA44CE-A917-4199-B734-07EFA94B520B}.Debug|Any CPU.ActiveCfg = Debug|Any CPU
		{AAEA44CE-A917-4199-B734-07EFA94B520B}.Debug|Any CPU.Build.0 = Debug|Any CPU
		{AAEA44CE-A917-4199-B734-07EFA94B520B}.Release|Any CPU.ActiveCfg = Release|Any CPU
		{AAEA44CE-A917-4199-B734-07EFA94B520B}.Release|Any CPU.Build.0 = Release|Any CPU
	EndGlobalSection
	GlobalSection(SolutionProperties) = preSolution
		HideSolutionNode = FALSE
	EndGlobalSection
	GlobalSection(ExtensibilityGlobals) = postSolution
		SolutionGuid = {2917FA5D-5B2B-4ACB-BD28-CA79EF9070C2}
	EndGlobalSection
EndGlobal
